
Microsoft Visual Studio Solution File, Format Version 12.00
# Visual Studio Version 16
VisualStudioVersion = 16.0.30611.23
MinimumVisualStudioVersion = 10.0.40219.1
Project("{8BC9CEB8-8B4A-11D0-8D11-00A0C91BC942}") = "GetDescriptor", "GetDescriptor\GetDescriptor.vcxproj", "{360BF98E-3775-4DBA-B970-4D56AB788DC6}"
	ProjectSection(ProjectDependencies) = postProject
		{B5899B32-FAC2-477E-99AA-86736B97F2FC} = {B5899B32-FAC2-477E-99AA-86736B97F2FC}
		{68E46D49-FF4B-337F-9909-E8CC0C457A5D} = {68E46D49-FF4B-337F-9909-E8CC0C457A5D}
		{0BE55595-4080-4265-82AF-51108EC956B2} = {0BE55595-4080-4265-82AF-51108EC956B2}
		{D3D173AB-D306-4179-BEC4-95CE1B14E647} = {D3D173AB-D306-4179-BEC4-95CE1B14E647}
	EndProjectSection
EndProject
Project("{8BC9CEB8-8B4A-11D0-8D11-00A0C91BC942}") = "ZLIB", "ZLIB\ZLIB.vcxproj", "{D3D173AB-D306-4179-BEC4-95CE1B14E647}"
EndProject
Project("{8BC9CEB8-8B4A-11D0-8D11-00A0C91BC942}") = "PNG", "PNG\PNG.vcxproj", "{B5899B32-FAC2-477E-99AA-86736B97F2FC}"
EndProject
Project("{8BC9CEB8-8B4A-11D0-8D11-00A0C91BC942}") = "JPEG", "JPEG\JPEG.vcxproj", "{0BE55595-4080-4265-82AF-51108EC956B2}"
EndProject
Project("{8BC9CEB8-8B4A-11D0-8D11-00A0C91BC942}") = "OpenMesh_Core", "OpenMesh\Core\Core.vcxproj", "{68E46D49-FF4B-337F-9909-E8CC0C457A5D}"
EndProject
Project("{8BC9CEB8-8B4A-11D0-8D11-00A0C91BC942}") = "GetSpectrum", "GetSpectrum\GetSpectrum.vcxproj", "{5681263A-91A2-4E57-B9DB-6D7A26200226}"
EndProject
Project("{2150E333-8FDC-42A3-9474-1A3956D46DE8}") = "Misha", "Misha", "{728513C7-A990-4A67-84BB-1A620A7C2E7D}"
	ProjectSection(SolutionItems) = preProject
		Include\Misha\Algebra.h = Include\Misha\Algebra.h
		Include\Misha\Array.h = Include\Misha\Array.h
		Include\Misha\Array.inl = Include\Misha\Array.inl
		Include\Misha\BMP.h = Include\Misha\BMP.h
		Include\Misha\BMP.inl = Include\Misha\BMP.inl
		Include\Misha\CmdLineParser.h = Include\Misha\CmdLineParser.h
		Include\Misha\CmdLineParser.inl = Include\Misha\CmdLineParser.inl
		Include\Misha\Exceptions.h = Include\Misha\Exceptions.h
		Include\Misha\FEM.BasisInfo.h = Include\Misha\FEM.BasisInfo.h
		Include\Misha\FEM.h = Include\Misha\FEM.h
		Include\Misha\FEM.inl = Include\Misha\FEM.inl
		Include\Misha\Geometry.h = Include\Misha\Geometry.h
		Include\Misha\Geometry.inl = Include\Misha\Geometry.inl
		Include\Misha\Image.h = Include\Misha\Image.h
		Include\Misha\JPEG.h = Include\Misha\JPEG.h
		Include\Misha\JPEG.inl = Include\Misha\JPEG.inl
		Include\Misha\Miscellany.h = Include\Misha\Miscellany.h
		Include\Misha\PBM.h = Include\Misha\PBM.h
		Include\Misha\PBM.inl = Include\Misha\PBM.inl
		Include\Misha\Ply.h = Include\Misha\Ply.h
		Include\Misha\Ply.inl = Include\Misha\Ply.inl
		Include\Misha\PlyFile.h = Include\Misha\PlyFile.h
		Include\Misha\PlyFile.inl = Include\Misha\PlyFile.inl
		Include\Misha\PlyVertexData.h = Include\Misha\PlyVertexData.h
		Include\Misha\PlyVertexData.inl = Include\Misha\PlyVertexData.inl
		Include\Misha\PNG.h = Include\Misha\PNG.h
		Include\Misha\PNG.inl = Include\Misha\PNG.inl
		Include\Misha\RegularGrid.h = Include\Misha\RegularGrid.h
		Include\Misha\RegularGrid.inl = Include\Misha\RegularGrid.inl
		Include\Misha\RightTriangleQuadrature.h = Include\Misha\RightTriangleQuadrature.h
		Include\Misha\Solver.h = Include\Misha\Solver.h
		Include\Misha\SparseMatrix.h = Include\Misha\SparseMatrix.h
		Include\Misha\SparseMatrix.inl = Include\Misha\SparseMatrix.inl
		Include\Misha\SparseMatrixInterface.h = Include\Misha\SparseMatrixInterface.h
		Include\Misha\SparseMatrixInterface.inl = Include\Misha\SparseMatrixInterface.inl
		Include\Misha\Spectrum.h = Include\Misha\Spectrum.h
		Include\Misha\TriMesh.h = Include\Misha\TriMesh.h
		Include\Misha\TriMesh.inl = Include\Misha\TriMesh.inl
	EndProjectSection
EndProject
Global
	GlobalSection(SolutionConfigurationPlatforms) = preSolution
		Release|x64 = Release|x64
	EndGlobalSection
	GlobalSection(ProjectConfigurationPlatforms) = postSolution
		{360BF98E-3775-4DBA-B970-4D56AB788DC6}.Release|x64.ActiveCfg = Release|x64
		{360BF98E-3775-4DBA-B970-4D56AB788DC6}.Release|x64.Build.0 = Release|x64
		{D3D173AB-D306-4179-BEC4-95CE1B14E647}.Release|x64.ActiveCfg = Release|x64
		{D3D173AB-D306-4179-BEC4-95CE1B14E647}.Release|x64.Build.0 = Release|x64
		{B5899B32-FAC2-477E-99AA-86736B97F2FC}.Release|x64.ActiveCfg = Release|x64
		{B5899B32-FAC2-477E-99AA-86736B97F2FC}.Release|x64.Build.0 = Release|x64
		{0BE55595-4080-4265-82AF-51108EC956B2}.Release|x64.ActiveCfg = Release|x64
		{0BE55595-4080-4265-82AF-51108EC956B2}.Release|x64.Build.0 = Release|x64
		{68E46D49-FF4B-337F-9909-E8CC0C457A5D}.Release|x64.ActiveCfg = Release|x64
		{68E46D49-FF4B-337F-9909-E8CC0C457A5D}.Release|x64.Build.0 = Release|x64
		{5681263A-91A2-4E57-B9DB-6D7A26200226}.Release|x64.ActiveCfg = Release|x64
		{5681263A-91A2-4E57-B9DB-6D7A26200226}.Release|x64.Build.0 = Release|x64
	EndGlobalSection
	GlobalSection(SolutionProperties) = preSolution
		HideSolutionNode = FALSE
	EndGlobalSection
	GlobalSection(ExtensibilityGlobals) = postSolution
		SolutionGuid = {FE8E9DAF-C647-4FFF-B96C-89CE870749D0}
	EndGlobalSection
EndGlobal
